// !$*UTF8*$!
{
	archiveVersion = 1;
	classes = {
	};
	objectVersion = 50;
	objects = {

/* Begin PBXBuildFile section */
		917368D69DAB5F778FD2D7DC /* Pods_Instagram.framework in Frameworks */ = {isa = PBXBuildFile; fileRef = B3B4149F13B8942BEEB75604 /* Pods_Instagram.framework */; };
		C20F5B052175E3CA0077536C /* SearchedTagsView.swift in Sources */ = {isa = PBXBuildFile; fileRef = C20F5B042175E3CA0077536C /* SearchedTagsView.swift */; };
		C20F5B092175E5EB0077536C /* TagMediaTableVC.swift in Sources */ = {isa = PBXBuildFile; fileRef = C20F5B082175E5EB0077536C /* TagMediaTableVC.swift */; };
		C2299DAF2151091400AB6CB5 /* Media.swift in Sources */ = {isa = PBXBuildFile; fileRef = C2299DAE2151091400AB6CB5 /* Media.swift */; };
		C2299DB121511CC500AB6CB5 /* MediaFactory.swift in Sources */ = {isa = PBXBuildFile; fileRef = C2299DB021511CC500AB6CB5 /* MediaFactory.swift */; };
		C2299DB5215123BF00AB6CB5 /* Tag.swift in Sources */ = {isa = PBXBuildFile; fileRef = C2299DB4215123BF00AB6CB5 /* Tag.swift */; };
		C22BB37C214A47FF008B98CD /* AppDelegate.swift in Sources */ = {isa = PBXBuildFile; fileRef = C22BB37B214A47FF008B98CD /* AppDelegate.swift */; };
		C22BB381214A47FF008B98CD /* Main.storyboard in Resources */ = {isa = PBXBuildFile; fileRef = C22BB37F214A47FF008B98CD /* Main.storyboard */; };
		C22BB383214A4802008B98CD /* Assets.xcassets in Resources */ = {isa = PBXBuildFile; fileRef = C22BB382214A4802008B98CD /* Assets.xcassets */; };
		C22BB386214A4802008B98CD /* LaunchScreen.storyboard in Resources */ = {isa = PBXBuildFile; fileRef = C22BB384214A4802008B98CD /* LaunchScreen.storyboard */; };
		C22BB38E214A4B32008B98CD /* Credential.swift in Sources */ = {isa = PBXBuildFile; fileRef = C22BB38D214A4B32008B98CD /* Credential.swift */; };
		C22BB392214A4C03008B98CD /* AuthorizationVC.swift in Sources */ = {isa = PBXBuildFile; fileRef = C22BB391214A4C03008B98CD /* AuthorizationVC.swift */; };
		C22BB397214A5988008B98CD /* User.swift in Sources */ = {isa = PBXBuildFile; fileRef = C22BB396214A5988008B98CD /* User.swift */; };
		C22BB399214A5B47008B98CD /* QueryService.swift in Sources */ = {isa = PBXBuildFile; fileRef = C22BB398214A5B47008B98CD /* QueryService.swift */; };
		C22BB39B214A5C7E008B98CD /* MainVC.swift in Sources */ = {isa = PBXBuildFile; fileRef = C22BB39A214A5C7E008B98CD /* MainVC.swift */; };
		C22BB39D214A696C008B98CD /* Constants.swift in Sources */ = {isa = PBXBuildFile; fileRef = C22BB39C214A696C008B98CD /* Constants.swift */; };
		C26C947C216377D1006108E2 /* Parsers.swift in Sources */ = {isa = PBXBuildFile; fileRef = C26C947B216377D1006108E2 /* Parsers.swift */; };
		C26C94802163846D006108E2 /* APIManager.swift in Sources */ = {isa = PBXBuildFile; fileRef = C26C947F2163846D006108E2 /* APIManager.swift */; };
		C26C948221675140006108E2 /* UserManager.swift in Sources */ = {isa = PBXBuildFile; fileRef = C26C948121675140006108E2 /* UserManager.swift */; };
		C26EF065216361EA00323FBD /* SenderMedia.swift in Sources */ = {isa = PBXBuildFile; fileRef = C26EF064216361EA00323FBD /* SenderMedia.swift */; };
		C26EF0672163650000323FBD /* Date EXT.swift in Sources */ = {isa = PBXBuildFile; fileRef = C26EF0662163650000323FBD /* Date EXT.swift */; };
		C29FE528217DCB3600E15652 /* CellBuilder.swift in Sources */ = {isa = PBXBuildFile; fileRef = C29FE527217DCB3600E15652 /* CellBuilder.swift */; };
		C2B18A45216E05A300C65A2D /* MediaCell.swift in Sources */ = {isa = PBXBuildFile; fileRef = C2B18A44216E05A300C65A2D /* MediaCell.swift */; };
		C2B18A53216E2E4400C65A2D /* AuthorizationCommand.swift in Sources */ = {isa = PBXBuildFile; fileRef = C2B18A52216E2E4400C65A2D /* AuthorizationCommand.swift */; };
		C2B18A55216E2EC000C65A2D /* UIApplication EXT.swift in Sources */ = {isa = PBXBuildFile; fileRef = C2B18A54216E2EC000C65A2D /* UIApplication EXT.swift */; };
		C2B18A57216E2FAC00C65A2D /* AuthorizationService.swift in Sources */ = {isa = PBXBuildFile; fileRef = C2B18A56216E2FAC00C65A2D /* AuthorizationService.swift */; };
/* End PBXBuildFile section */

/* Begin PBXFileReference section */
		2A36EE316E5A08686042412E /* Pods-Instagram.debug.xcconfig */ = {isa = PBXFileReference; includeInIndex = 1; lastKnownFileType = text.xcconfig; name = "Pods-Instagram.debug.xcconfig"; path = "Pods/Target Support Files/Pods-Instagram/Pods-Instagram.debug.xcconfig"; sourceTree = "<group>"; };
		91852415737FA9C02B0874CC /* Pods-Instagram.release.xcconfig */ = {isa = PBXFileReference; includeInIndex = 1; lastKnownFileType = text.xcconfig; name = "Pods-Instagram.release.xcconfig"; path = "Pods/Target Support Files/Pods-Instagram/Pods-Instagram.release.xcconfig"; sourceTree = "<group>"; };
		B3B4149F13B8942BEEB75604 /* Pods_Instagram.framework */ = {isa = PBXFileReference; explicitFileType = wrapper.framework; includeInIndex = 0; path = Pods_Instagram.framework; sourceTree = BUILT_PRODUCTS_DIR; };
		C20F5B042175E3CA0077536C /* SearchedTagsView.swift */ = {isa = PBXFileReference; lastKnownFileType = sourcecode.swift; path = SearchedTagsView.swift; sourceTree = "<group>"; };
		C20F5B082175E5EB0077536C /* TagMediaTableVC.swift */ = {isa = PBXFileReference; lastKnownFileType = sourcecode.swift; path = TagMediaTableVC.swift; sourceTree = "<group>"; };
		C2299DAE2151091400AB6CB5 /* Media.swift */ = {isa = PBXFileReference; lastKnownFileType = sourcecode.swift; path = Media.swift; sourceTree = "<group>"; };
		C2299DB021511CC500AB6CB5 /* MediaFactory.swift */ = {isa = PBXFileReference; lastKnownFileType = sourcecode.swift; path = MediaFactory.swift; sourceTree = "<group>"; };
		C2299DB4215123BF00AB6CB5 /* Tag.swift */ = {isa = PBXFileReference; lastKnownFileType = sourcecode.swift; path = Tag.swift; sourceTree = "<group>"; };
		C22BB378214A47FF008B98CD /* Instagram.app */ = {isa = PBXFileReference; explicitFileType = wrapper.application; includeInIndex = 0; path = Instagram.app; sourceTree = BUILT_PRODUCTS_DIR; };
		C22BB37B214A47FF008B98CD /* AppDelegate.swift */ = {isa = PBXFileReference; lastKnownFileType = sourcecode.swift; path = AppDelegate.swift; sourceTree = "<group>"; };
		C22BB380214A47FF008B98CD /* Base */ = {isa = PBXFileReference; lastKnownFileType = file.storyboard; name = Base; path = Base.lproj/Main.storyboard; sourceTree = "<group>"; };
		C22BB382214A4802008B98CD /* Assets.xcassets */ = {isa = PBXFileReference; lastKnownFileType = folder.assetcatalog; path = Assets.xcassets; sourceTree = "<group>"; };
		C22BB385214A4802008B98CD /* Base */ = {isa = PBXFileReference; lastKnownFileType = file.storyboard; name = Base; path = Base.lproj/LaunchScreen.storyboard; sourceTree = "<group>"; };
		C22BB387214A4802008B98CD /* Info.plist */ = {isa = PBXFileReference; lastKnownFileType = text.plist.xml; path = Info.plist; sourceTree = "<group>"; };
		C22BB38D214A4B32008B98CD /* Credential.swift */ = {isa = PBXFileReference; lastKnownFileType = sourcecode.swift; path = Credential.swift; sourceTree = "<group>"; };
		C22BB391214A4C03008B98CD /* AuthorizationVC.swift */ = {isa = PBXFileReference; lastKnownFileType = sourcecode.swift; path = AuthorizationVC.swift; sourceTree = "<group>"; };
		C22BB396214A5988008B98CD /* User.swift */ = {isa = PBXFileReference; lastKnownFileType = sourcecode.swift; path = User.swift; sourceTree = "<group>"; };
		C22BB398214A5B47008B98CD /* QueryService.swift */ = {isa = PBXFileReference; lastKnownFileType = sourcecode.swift; path = QueryService.swift; sourceTree = "<group>"; };
		C22BB39A214A5C7E008B98CD /* MainVC.swift */ = {isa = PBXFileReference; lastKnownFileType = sourcecode.swift; path = MainVC.swift; sourceTree = "<group>"; };
		C22BB39C214A696C008B98CD /* Constants.swift */ = {isa = PBXFileReference; lastKnownFileType = sourcecode.swift; path = Constants.swift; sourceTree = "<group>"; };
		C26C947B216377D1006108E2 /* Parsers.swift */ = {isa = PBXFileReference; lastKnownFileType = sourcecode.swift; path = Parsers.swift; sourceTree = "<group>"; };
		C26C947F2163846D006108E2 /* APIManager.swift */ = {isa = PBXFileReference; lastKnownFileType = sourcecode.swift; path = APIManager.swift; sourceTree = "<group>"; };
		C26C948121675140006108E2 /* UserManager.swift */ = {isa = PBXFileReference; lastKnownFileType = sourcecode.swift; path = UserManager.swift; sourceTree = "<group>"; };
		C26EF064216361EA00323FBD /* SenderMedia.swift */ = {isa = PBXFileReference; lastKnownFileType = sourcecode.swift; path = SenderMedia.swift; sourceTree = "<group>"; };
		C26EF0662163650000323FBD /* Date EXT.swift */ = {isa = PBXFileReference; lastKnownFileType = sourcecode.swift; path = "Date EXT.swift"; sourceTree = "<group>"; };
		C29FE527217DCB3600E15652 /* CellBuilder.swift */ = {isa = PBXFileReference; lastKnownFileType = sourcecode.swift; path = CellBuilder.swift; sourceTree = "<group>"; };
		C2B18A44216E05A300C65A2D /* MediaCell.swift */ = {isa = PBXFileReference; lastKnownFileType = sourcecode.swift; path = MediaCell.swift; sourceTree = "<group>"; };
		C2B18A52216E2E4400C65A2D /* AuthorizationCommand.swift */ = {isa = PBXFileReference; lastKnownFileType = sourcecode.swift; path = AuthorizationCommand.swift; sourceTree = "<group>"; };
		C2B18A54216E2EC000C65A2D /* UIApplication EXT.swift */ = {isa = PBXFileReference; lastKnownFileType = sourcecode.swift; path = "UIApplication EXT.swift"; sourceTree = "<group>"; };
		C2B18A56216E2FAC00C65A2D /* AuthorizationService.swift */ = {isa = PBXFileReference; lastKnownFileType = sourcecode.swift; path = AuthorizationService.swift; sourceTree = "<group>"; };
/* End PBXFileReference section */

/* Begin PBXFrameworksBuildPhase section */
		C22BB375214A47FF008B98CD /* Frameworks */ = {
			isa = PBXFrameworksBuildPhase;
			buildActionMask = 2147483647;
			files = (
				917368D69DAB5F778FD2D7DC /* Pods_Instagram.framework in Frameworks */,
			);
			runOnlyForDeploymentPostprocessing = 0;
		};
/* End PBXFrameworksBuildPhase section */

/* Begin PBXGroup section */
		463DFF8EC1D3D1FDA194B150 /* Frameworks */ = {
			isa = PBXGroup;
			children = (
				B3B4149F13B8942BEEB75604 /* Pods_Instagram.framework */,
			);
			name = Frameworks;
			sourceTree = "<group>";
		};
		C22BB36F214A47FF008B98CD = {
			isa = PBXGroup;
			children = (
				C22BB37A214A47FF008B98CD /* Instagram */,
				C22BB379214A47FF008B98CD /* Products */,
				DB49F1644B8FCE7B013A94FD /* Pods */,
				463DFF8EC1D3D1FDA194B150 /* Frameworks */,
			);
			sourceTree = "<group>";
		};
		C22BB379214A47FF008B98CD /* Products */ = {
			isa = PBXGroup;
			children = (
				C22BB378214A47FF008B98CD /* Instagram.app */,
			);
			name = Products;
			sourceTree = "<group>";
		};
		C22BB37A214A47FF008B98CD /* Instagram */ = {
			isa = PBXGroup;
			children = (
				C2B18A41216DEC8200C65A2D /* App */,
				C22BB395214A4C1C008B98CD /* Entities */,
				C2B18A42216DEC9300C65A2D /* Resources */,
				C22BB39E214A6D54008B98CD /* Utilities */,
				C2B18A43216E057D00C65A2D /* View */,
				C22BB393214A4C07008B98CD /* ViewControllers */,
			);
			path = Instagram;
			sourceTree = "<group>";
		};
		C22BB393214A4C07008B98CD /* ViewControllers */ = {
			isa = PBXGroup;
			children = (
				C22BB391214A4C03008B98CD /* AuthorizationVC.swift */,
				C22BB39A214A5C7E008B98CD /* MainVC.swift */,
				C20F5B082175E5EB0077536C /* TagMediaTableVC.swift */,
			);
			path = ViewControllers;
			sourceTree = "<group>";
		};
		C22BB395214A4C1C008B98CD /* Entities */ = {
			isa = PBXGroup;
			children = (
				C22BB396214A5988008B98CD /* User.swift */,
				C2299DAE2151091400AB6CB5 /* Media.swift */,
				C2299DB4215123BF00AB6CB5 /* Tag.swift */,
			);
			path = Entities;
			sourceTree = "<group>";
		};
		C22BB39E214A6D54008B98CD /* Utilities */ = {
			isa = PBXGroup;
			children = (
				C2B18A50216E2E0F00C65A2D /* Authorization */,
				C2B18A4D216E246C00C65A2D /* Extensions */,
				C2B18A51216E2E1B00C65A2D /* Factories */,
				C26C947A2163779B006108E2 /* Network */,
				C26EF064216361EA00323FBD /* SenderMedia.swift */,
				C26C948121675140006108E2 /* UserManager.swift */,
				C29FE527217DCB3600E15652 /* CellBuilder.swift */,
			);
			path = Utilities;
			sourceTree = "<group>";
		};
		C26C947A2163779B006108E2 /* Network */ = {
			isa = PBXGroup;
			children = (
				C22BB398214A5B47008B98CD /* QueryService.swift */,
				C26C947B216377D1006108E2 /* Parsers.swift */,
				C26C947F2163846D006108E2 /* APIManager.swift */,
			);
			path = Network;
			sourceTree = "<group>";
		};
		C2B18A41216DEC8200C65A2D /* App */ = {
			isa = PBXGroup;
			children = (
				C22BB37B214A47FF008B98CD /* AppDelegate.swift */,
				C22BB37F214A47FF008B98CD /* Main.storyboard */,
				C22BB384214A4802008B98CD /* LaunchScreen.storyboard */,
				C22BB387214A4802008B98CD /* Info.plist */,
			);
			path = App;
			sourceTree = "<group>";
		};
		C2B18A42216DEC9300C65A2D /* Resources */ = {
			isa = PBXGroup;
			children = (
				C22BB39C214A696C008B98CD /* Constants.swift */,
				C22BB382214A4802008B98CD /* Assets.xcassets */,
			);
			path = Resources;
			sourceTree = "<group>";
		};
		C2B18A43216E057D00C65A2D /* View */ = {
			isa = PBXGroup;
			children = (
				C2B18A44216E05A300C65A2D /* MediaCell.swift */,
				C20F5B042175E3CA0077536C /* SearchedTagsView.swift */,
			);
			path = View;
			sourceTree = "<group>";
		};
		C2B18A4D216E246C00C65A2D /* Extensions */ = {
			isa = PBXGroup;
			children = (
				C26EF0662163650000323FBD /* Date EXT.swift */,
				C2B18A54216E2EC000C65A2D /* UIApplication EXT.swift */,
			);
			path = Extensions;
			sourceTree = "<group>";
		};
		C2B18A50216E2E0F00C65A2D /* Authorization */ = {
			isa = PBXGroup;
			children = (
				C22BB38D214A4B32008B98CD /* Credential.swift */,
				C2B18A52216E2E4400C65A2D /* AuthorizationCommand.swift */,
				C2B18A56216E2FAC00C65A2D /* AuthorizationService.swift */,
			);
			path = Authorization;
			sourceTree = "<group>";
		};
		C2B18A51216E2E1B00C65A2D /* Factories */ = {
			isa = PBXGroup;
			children = (
				C2299DB021511CC500AB6CB5 /* MediaFactory.swift */,
			);
			path = Factories;
			sourceTree = "<group>";
		};
		DB49F1644B8FCE7B013A94FD /* Pods */ = {
			isa = PBXGroup;
			children = (
				2A36EE316E5A08686042412E /* Pods-Instagram.debug.xcconfig */,
				91852415737FA9C02B0874CC /* Pods-Instagram.release.xcconfig */,
			);
			name = Pods;
			sourceTree = "<group>";
		};
/* End PBXGroup section */

/* Begin PBXNativeTarget section */
		C22BB377214A47FF008B98CD /* Instagram */ = {
			isa = PBXNativeTarget;
			buildConfigurationList = C22BB38A214A4802008B98CD /* Build configuration list for PBXNativeTarget "Instagram" */;
			buildPhases = (
				55AD8AF5964C5B97B4FFBBEB /* [CP] Check Pods Manifest.lock */,
				C22BB374214A47FF008B98CD /* Sources */,
				C22BB375214A47FF008B98CD /* Frameworks */,
				C22BB376214A47FF008B98CD /* Resources */,
				12D79B56B20D50D2051B2945 /* [CP] Embed Pods Frameworks */,
			);
			buildRules = (
			);
			dependencies = (
			);
			name = Instagram;
			productName = Instagram;
			productReference = C22BB378214A47FF008B98CD /* Instagram.app */;
			productType = "com.apple.product-type.application";
		};
/* End PBXNativeTarget section */

/* Begin PBXProject section */
		C22BB370214A47FF008B98CD /* Project object */ = {
			isa = PBXProject;
			attributes = {
				LastSwiftUpdateCheck = 1000;
				LastUpgradeCheck = 1000;
				ORGANIZATIONNAME = tigrank;
				TargetAttributes = {
					C22BB377214A47FF008B98CD = {
						CreatedOnToolsVersion = 10.0;
					};
				};
			};
			buildConfigurationList = C22BB373214A47FF008B98CD /* Build configuration list for PBXProject "Instagram" */;
			compatibilityVersion = "Xcode 9.3";
			developmentRegion = en;
			hasScannedForEncodings = 0;
			knownRegions = (
				en,
				Base,
			);
			mainGroup = C22BB36F214A47FF008B98CD;
			productRefGroup = C22BB379214A47FF008B98CD /* Products */;
			projectDirPath = "";
			projectRoot = "";
			targets = (
				C22BB377214A47FF008B98CD /* Instagram */,
			);
		};
/* End PBXProject section */

/* Begin PBXResourcesBuildPhase section */
		C22BB376214A47FF008B98CD /* Resources */ = {
			isa = PBXResourcesBuildPhase;
			buildActionMask = 2147483647;
			files = (
				C22BB386214A4802008B98CD /* LaunchScreen.storyboard in Resources */,
				C22BB383214A4802008B98CD /* Assets.xcassets in Resources */,
				C22BB381214A47FF008B98CD /* Main.storyboard in Resources */,
			);
			runOnlyForDeploymentPostprocessing = 0;
		};
/* End PBXResourcesBuildPhase section */

/* Begin PBXShellScriptBuildPhase section */
		12D79B56B20D50D2051B2945 /* [CP] Embed Pods Frameworks */ = {
			isa = PBXShellScriptBuildPhase;
			buildActionMask = 2147483647;
			files = (
			);
			inputPaths = (
				"${SRCROOT}/Pods/Target Support Files/Pods-Instagram/Pods-Instagram-frameworks.sh",
				"${BUILT_PRODUCTS_DIR}/SDWebImage/SDWebImage.framework",
			);
			name = "[CP] Embed Pods Frameworks";
			outputPaths = (
				"${TARGET_BUILD_DIR}/${FRAMEWORKS_FOLDER_PATH}/SDWebImage.framework",
			);
			runOnlyForDeploymentPostprocessing = 0;
			shellPath = /bin/sh;
			shellScript = "\"${SRCROOT}/Pods/Target Support Files/Pods-Instagram/Pods-Instagram-frameworks.sh\"\n";
			showEnvVarsInLog = 0;
		};
		55AD8AF5964C5B97B4FFBBEB /* [CP] Check Pods Manifest.lock */ = {
			isa = PBXShellScriptBuildPhase;
			buildActionMask = 2147483647;
			files = (
			);
			inputPaths = (
				"${PODS_PODFILE_DIR_PATH}/Podfile.lock",
				"${PODS_ROOT}/Manifest.lock",
			);
			name = "[CP] Check Pods Manifest.lock";
			outputPaths = (
				"$(DERIVED_FILE_DIR)/Pods-Instagram-checkManifestLockResult.txt",
			);
			runOnlyForDeploymentPostprocessing = 0;
			shellPath = /bin/sh;
			shellScript = "diff \"${PODS_PODFILE_DIR_PATH}/Podfile.lock\" \"${PODS_ROOT}/Manifest.lock\" > /dev/null\nif [ $? != 0 ] ; then\n    # print error to STDERR\n    echo \"error: The sandbox is not in sync with the Podfile.lock. Run 'pod install' or update your CocoaPods installation.\" >&2\n    exit 1\nfi\n# This output is used by Xcode 'outputs' to avoid re-running this script phase.\necho \"SUCCESS\" > \"${SCRIPT_OUTPUT_FILE_0}\"\n";
			showEnvVarsInLog = 0;
		};
/* End PBXShellScriptBuildPhase section */

/* Begin PBXSourcesBuildPhase section */
		C22BB374214A47FF008B98CD /* Sources */ = {
			isa = PBXSourcesBuildPhase;
			buildActionMask = 2147483647;
			files = (
				C26C947C216377D1006108E2 /* Parsers.swift in Sources */,
				C22BB397214A5988008B98CD /* User.swift in Sources */,
				C26EF065216361EA00323FBD /* SenderMedia.swift in Sources */,
				C2B18A53216E2E4400C65A2D /* AuthorizationCommand.swift in Sources */,
				C26C948221675140006108E2 /* UserManager.swift in Sources */,
				C2B18A55216E2EC000C65A2D /* UIApplication EXT.swift in Sources */,
				C22BB39B214A5C7E008B98CD /* MainVC.swift in Sources */,
				C2299DB5215123BF00AB6CB5 /* Tag.swift in Sources */,
				C2B18A57216E2FAC00C65A2D /* AuthorizationService.swift in Sources */,
				C20F5B092175E5EB0077536C /* TagMediaTableVC.swift in Sources */,
				C29FE528217DCB3600E15652 /* CellBuilder.swift in Sources */,
				C26EF0672163650000323FBD /* Date EXT.swift in Sources */,
				C26C94802163846D006108E2 /* APIManager.swift in Sources */,
				C22BB38E214A4B32008B98CD /* Credential.swift in Sources */,
				C22BB399214A5B47008B98CD /* QueryService.swift in Sources */,
				C2B18A45216E05A300C65A2D /* MediaCell.swift in Sources */,
				C2299DB121511CC500AB6CB5 /* MediaFactory.swift in Sources */,
				C22BB39D214A696C008B98CD /* Constants.swift in Sources */,
				C22BB37C214A47FF008B98CD /* AppDelegate.swift in Sources */,
				C2299DAF2151091400AB6CB5 /* Media.swift in Sources */,
				C20F5B052175E3CA0077536C /* SearchedTagsView.swift in Sources */,
				C22BB392214A4C03008B98CD /* AuthorizationVC.swift in Sources */,
			);
			runOnlyForDeploymentPostprocessing = 0;
		};
/* End PBXSourcesBuildPhase section */

/* Begin PBXVariantGroup section */
		C22BB37F214A47FF008B98CD /* Main.storyboard */ = {
			isa = PBXVariantGroup;
			children = (
				C22BB380214A47FF008B98CD /* Base */,
			);
			name = Main.storyboard;
			sourceTree = "<group>";
		};
		C22BB384214A4802008B98CD /* LaunchScreen.storyboard */ = {
			isa = PBXVariantGroup;
			children = (
				C22BB385214A4802008B98CD /* Base */,
			);
			name = LaunchScreen.storyboard;
			sourceTree = "<group>";
		};
/* End PBXVariantGroup section */

/* Begin XCBuildConfiguration section */
		C22BB388214A4802008B98CD /* Debug */ = {
			isa = XCBuildConfiguration;
			buildSettings = {
				ALWAYS_SEARCH_USER_PATHS = NO;
				CLANG_ANALYZER_NONNULL = YES;
				CLANG_ANALYZER_NUMBER_OBJECT_CONVERSION = YES_AGGRESSIVE;
				CLANG_CXX_LANGUAGE_STANDARD = "gnu++14";
				CLANG_CXX_LIBRARY = "libc++";
				CLANG_ENABLE_MODULES = YES;
				CLANG_ENABLE_OBJC_ARC = YES;
				CLANG_ENABLE_OBJC_WEAK = YES;
				CLANG_WARN_BLOCK_CAPTURE_AUTORELEASING = YES;
				CLANG_WARN_BOOL_CONVERSION = YES;
				CLANG_WARN_COMMA = YES;
				CLANG_WARN_CONSTANT_CONVERSION = YES;
				CLANG_WARN_DEPRECATED_OBJC_IMPLEMENTATIONS = YES;
				CLANG_WARN_DIRECT_OBJC_ISA_USAGE = YES_ERROR;
				CLANG_WARN_DOCUMENTATION_COMMENTS = YES;
				CLANG_WARN_EMPTY_BODY = YES;
				CLANG_WARN_ENUM_CONVERSION = YES;
				CLANG_WARN_INFINITE_RECURSION = YES;
				CLANG_WARN_INT_CONVERSION = YES;
				CLANG_WARN_NON_LITERAL_NULL_CONVERSION = YES;
				CLANG_WARN_OBJC_IMPLICIT_RETAIN_SELF = YES;
				CLANG_WARN_OBJC_LITERAL_CONVERSION = YES;
				CLANG_WARN_OBJC_ROOT_CLASS = YES_ERROR;
				CLANG_WARN_RANGE_LOOP_ANALYSIS = YES;
				CLANG_WARN_STRICT_PROTOTYPES = YES;
				CLANG_WARN_SUSPICIOUS_MOVE = YES;
				CLANG_WARN_UNGUARDED_AVAILABILITY = YES_AGGRESSIVE;
				CLANG_WARN_UNREACHABLE_CODE = YES;
				CLANG_WARN__DUPLICATE_METHOD_MATCH = YES;
				CODE_SIGN_IDENTITY = "iPhone Developer";
				COPY_PHASE_STRIP = NO;
				DEBUG_INFORMATION_FORMAT = dwarf;
				ENABLE_STRICT_OBJC_MSGSEND = YES;
				ENABLE_TESTABILITY = YES;
				GCC_C_LANGUAGE_STANDARD = gnu11;
				GCC_DYNAMIC_NO_PIC = NO;
				GCC_NO_COMMON_BLOCKS = YES;
				GCC_OPTIMIZATION_LEVEL = 0;
				GCC_PREPROCESSOR_DEFINITIONS = (
					"DEBUG=1",
					"$(inherited)",
				);
				GCC_WARN_64_TO_32_BIT_CONVERSION = YES;
				GCC_WARN_ABOUT_RETURN_TYPE = YES_ERROR;
				GCC_WARN_UNDECLARED_SELECTOR = YES;
				GCC_WARN_UNINITIALIZED_AUTOS = YES_AGGRESSIVE;
				GCC_WARN_UNUSED_FUNCTION = YES;
				GCC_WARN_UNUSED_VARIABLE = YES;
				IPHONEOS_DEPLOYMENT_TARGET = 10.0;
				MTL_ENABLE_DEBUG_INFO = INCLUDE_SOURCE;
				ONLY_ACTIVE_ARCH = YES;
				SDKROOT = iphoneos;
				SWIFT_ACTIVE_COMPILATION_CONDITIONS = DEBUG;
				SWIFT_OPTIMIZATION_LEVEL = "-Onone";
			};
			name = Debug;
		};
		C22BB389214A4802008B98CD /* Release */ = {
			isa = XCBuildConfiguration;
			buildSettings = {
				ALWAYS_SEARCH_USER_PATHS = NO;
				CLANG_ANALYZER_NONNULL = YES;
				CLANG_ANALYZER_NUMBER_OBJECT_CONVERSION = YES_AGGRESSIVE;
				CLANG_CXX_LANGUAGE_STANDARD = "gnu++14";
				CLANG_CXX_LIBRARY = "libc++";
				CLANG_ENABLE_MODULES = YES;
				CLANG_ENABLE_OBJC_ARC = YES;
				CLANG_ENABLE_OBJC_WEAK = YES;
				CLANG_WARN_BLOCK_CAPTURE_AUTORELEASING = YES;
				CLANG_WARN_BOOL_CONVERSION = YES;
				CLANG_WARN_COMMA = YES;
				CLANG_WARN_CONSTANT_CONVERSION = YES;
				CLANG_WARN_DEPRECATED_OBJC_IMPLEMENTATIONS = YES;
				CLANG_WARN_DIRECT_OBJC_ISA_USAGE = YES_ERROR;
				CLANG_WARN_DOCUMENTATION_COMMENTS = YES;
				CLANG_WARN_EMPTY_BODY = YES;
				CLANG_WARN_ENUM_CONVERSION = YES;
				CLANG_WARN_INFINITE_RECURSION = YES;
				CLANG_WARN_INT_CONVERSION = YES;
				CLANG_WARN_NON_LITERAL_NULL_CONVERSION = YES;
				CLANG_WARN_OBJC_IMPLICIT_RETAIN_SELF = YES;
				CLANG_WARN_OBJC_LITERAL_CONVERSION = YES;
				CLANG_WARN_OBJC_ROOT_CLASS = YES_ERROR;
				CLANG_WARN_RANGE_LOOP_ANALYSIS = YES;
				CLANG_WARN_STRICT_PROTOTYPES = YES;
				CLANG_WARN_SUSPICIOUS_MOVE = YES;
				CLANG_WARN_UNGUARDED_AVAILABILITY = YES_AGGRESSIVE;
				CLANG_WARN_UNREACHABLE_CODE = YES;
				CLANG_WARN__DUPLICATE_METHOD_MATCH = YES;
				CODE_SIGN_IDENTITY = "iPhone Developer";
				COPY_PHASE_STRIP = NO;
				DEBUG_INFORMATION_FORMAT = "dwarf-with-dsym";
				ENABLE_NS_ASSERTIONS = NO;
				ENABLE_STRICT_OBJC_MSGSEND = YES;
				GCC_C_LANGUAGE_STANDARD = gnu11;
				GCC_NO_COMMON_BLOCKS = YES;
				GCC_WARN_64_TO_32_BIT_CONVERSION = YES;
				GCC_WARN_ABOUT_RETURN_TYPE = YES_ERROR;
				GCC_WARN_UNDECLARED_SELECTOR = YES;
				GCC_WARN_UNINITIALIZED_AUTOS = YES_AGGRESSIVE;
				GCC_WARN_UNUSED_FUNCTION = YES;
				GCC_WARN_UNUSED_VARIABLE = YES;
				IPHONEOS_DEPLOYMENT_TARGET = 10.0;
				MTL_ENABLE_DEBUG_INFO = NO;
				SDKROOT = iphoneos;
				SWIFT_COMPILATION_MODE = wholemodule;
				SWIFT_OPTIMIZATION_LEVEL = "-O";
				VALIDATE_PRODUCT = YES;
			};
			name = Release;
		};
		C22BB38B214A4802008B98CD /* Debug */ = {
			isa = XCBuildConfiguration;
			baseConfigurationReference = 2A36EE316E5A08686042412E /* Pods-Instagram.debug.xcconfig */;
			buildSettings = {
				ASSETCATALOG_COMPILER_APPICON_NAME = AppIcon;
				CODE_SIGN_STYLE = Automatic;
				DEVELOPMENT_TEAM = FAZLBWG687;
				INFOPLIST_FILE = "$(SRCROOT)/Instagram/App/Info.plist";
				LD_RUNPATH_SEARCH_PATHS = (
					"$(inherited)",
					"@executable_path/Frameworks",
				);
				PRODUCT_BUNDLE_IDENTIFIER = com.tigrank.Instagram;
				PRODUCT_NAME = "$(TARGET_NAME)";
				SWIFT_VERSION = 4.2;
				TARGETED_DEVICE_FAMILY = "1,2";
			};
			name = Debug;
		};
		C22BB38C214A4802008B98CD /* Release */ = {
			isa = XCBuildConfiguration;
			baseConfigurationReference = 91852415737FA9C02B0874CC /* Pods-Instagram.release.xcconfig */;
			buildSettings = {
				ASSETCATALOG_COMPILER_APPICON_NAME = AppIcon;
				CODE_SIGN_STYLE = Automatic;
				DEVELOPMENT_TEAM = FAZLBWG687;
				INFOPLIST_FILE = "$(SRCROOT)/Instagram/App/Info.plist";
				LD_RUNPATH_SEARCH_PATHS = (
					"$(inherited)",
					"@executable_path/Frameworks",
				);
				PRODUCT_BUNDLE_IDENTIFIER = com.tigrank.Instagram;
				PRODUCT_NAME = "$(TARGET_NAME)";
				SWIFT_VERSION = 4.2;
				TARGETED_DEVICE_FAMILY = "1,2";
			};
			name = Release;
		};
/* End XCBuildConfiguration section */

/* Begin XCConfigurationList section */
		C22BB373214A47FF008B98CD /* Build configuration list for PBXProject "Instagram" */ = {
			isa = XCConfigurationList;
			buildConfigurations = (
				C22BB388214A4802008B98CD /* Debug */,
				C22BB389214A4802008B98CD /* Release */,
			);
			defaultConfigurationIsVisible = 0;
			defaultConfigurationName = Release;
		};
		C22BB38A214A4802008B98CD /* Build configuration list for PBXNativeTarget "Instagram" */ = {
			isa = XCConfigurationList;
			buildConfigurations = (
				C22BB38B214A4802008B98CD /* Debug */,
				C22BB38C214A4802008B98CD /* Release */,
			);
			defaultConfigurationIsVisible = 0;
			defaultConfigurationName = Release;
		};
/* End XCConfigurationList section */
	};
	rootObject = C22BB370214A47FF008B98CD /* Project object */;
}
